# This is a Gradle generated file for dependency locking.
# Manual edits can break the build and are not advised.
# This file is expected to be part of source control.
at.favre.lib:bcrypt:0.10.2=productionRuntimeClasspath,runtimeClasspath,testRuntimeClasspath
at.favre.lib:bytes:1.5.0=productionRuntimeClasspath,runtimeClasspath,testRuntimeClasspath
biz.aQute.bnd:biz.aQute.bnd.annotation:7.1.0=compileClasspath,testCompileClasspath
ch.qos.logback:logback-classic:1.5.34=compileClasspath,productionRuntimeClasspath,runtimeClasspath,testCompileClasspath,testRuntimeClasspath
ch.qos.logback:logback-core:1.5.34=compileClasspath,productionRuntimeClasspath,runtimeClasspath,testCompileClasspath,testRuntimeClasspath
com.fasterxml.jackson.core:jackson-annotations:2.22=compileClasspath,productionRuntimeClasspath,runtimeClasspath,testCompileClasspath,testRuntimeClasspath
com.fasterxml:classmate:1.7.3=compileClasspath,productionRuntimeClasspath,runtimeClasspath,testCompileClasspath,testRuntimeClasspath
com.github.ben-manes.caffeine:caffeine:2.9.3=detekt
com.github.docker-java:docker-java-api:3.7.1=testRuntimeClasspath
com.github.docker-java:docker-java-transport-zerodep:3.7.1=testRuntimeClasspath
com.github.docker-java:docker-java-transport:3.7.1=testRuntimeClasspath
com.google.errorprone:error_prone_annotations:2.10.0=detekt
com.google.errorprone:error_prone_annotations:2.38.0=compileClasspath,testCompileClasspath
com.jayway.jsonpath:json-path:2.10.0=testCompileClasspath,testRuntimeClasspath
com.nimbusds:nimbus-jose-jwt:10.9=compileClasspath,productionRuntimeClasspath,runtimeClasspath,testCompileClasspath,testRuntimeClasspath
com.vaadin.external.google:android-json:0.0.20131108.vaadin1=testCompileClasspath,testRuntimeClasspath
com.zaxxer:HikariCP:7.1.0=productionRuntimeClasspath,runtimeClasspath,testCompileClasspath,testRuntimeClasspath
commons-codec:commons-codec:1.21.0=testRuntimeClasspath
commons-io:commons-io:2.20.0=testRuntimeClasspath
commons-logging:commons-logging:1.3.6=compileClasspath,productionRuntimeClasspath,runtimeClasspath,testCompileClasspath,testRuntimeClasspath
dev.detekt:detekt-api:2.0.0-alpha.6=detekt
dev.detekt:detekt-cli:2.0.0-alpha.6=detekt
dev.detekt:detekt-core:2.0.0-alpha.6=detekt
dev.detekt:detekt-kotlin-analysis-api-standalone:2.0.0-alpha.6=detekt
dev.detekt:detekt-kotlin-analysis-api:2.0.0-alpha.6=detekt
dev.detekt:detekt-metrics:2.0.0-alpha.6=detekt
dev.detekt:detekt-parser:2.0.0-alpha.6=detekt
dev.detekt:detekt-psi-utils:2.0.0-alpha.6=detekt
dev.detekt:detekt-report-checkstyle:2.0.0-alpha.6=detekt
dev.detekt:detekt-report-html:2.0.0-alpha.6=detekt
dev.detekt:detekt-report-markdown:2.0.0-alpha.6=detekt
dev.detekt:detekt-report-sarif:2.0.0-alpha.6=detekt
dev.detekt:detekt-rules-comments:2.0.0-alpha.6=detekt
dev.detekt:detekt-rules-complexity:2.0.0-alpha.6=detekt
dev.detekt:detekt-rules-coroutines:2.0.0-alpha.6=detekt
dev.detekt:detekt-rules-empty-blocks:2.0.0-alpha.6=detekt
dev.detekt:detekt-rules-exceptions:2.0.0-alpha.6=detekt
dev.detekt:detekt-rules-naming:2.0.0-alpha.6=detekt
dev.detekt:detekt-rules-performance:2.0.0-alpha.6=detekt
dev.detekt:detekt-rules-potential-bugs:2.0.0-alpha.6=detekt
dev.detekt:detekt-rules-style:2.0.0-alpha.6=detekt
dev.detekt:detekt-rules:2.0.0-alpha.6=detekt
dev.detekt:detekt-tooling:2.0.0-alpha.6=detekt
dev.detekt:detekt-utils:2.0.0-alpha.6=detekt
dev.drewhamilton.poko:poko-annotations-jvm:0.23.1=detekt
dev.drewhamilton.poko:poko-annotations:0.23.1=detekt
io.github.detekt.sarif4k:sarif4k-jvm:0.6.0=detekt
io.github.detekt.sarif4k:sarif4k:0.6.0=detekt
io.lettuce:lettuce-core:7.5.2.RELEASE=compileClasspath,productionRuntimeClasspath,runtimeClasspath,testCompileClasspath,testRuntimeClasspath
io.micrometer:micrometer-commons:1.17.0=compileClasspath,productionRuntimeClasspath,runtimeClasspath,testCompileClasspath,testRuntimeClasspath
io.micrometer:micrometer-observation:1.17.0=compileClasspath,productionRuntimeClasspath,runtimeClasspath,testCompileClasspath,testRuntimeClasspath
io.netty:netty-buffer:4.2.17.Final=compileClasspath,productionRuntimeClasspath,runtimeClasspath,testCompileClasspath,testRuntimeClasspath
io.netty:netty-codec-base:4.2.17.Final=compileClasspath,productionRuntimeClasspath,runtimeClasspath,testCompileClasspath,testRuntimeClasspath
io.netty:netty-codec-dns:4.2.17.Final=compileClasspath,productionRuntimeClasspath,runtimeClasspath,testCompileClasspath,testRuntimeClasspath
io.netty:netty-common:4.2.17.Final=compileClasspath,productionRuntimeClasspath,runtimeClasspath,testCompileClasspath,testRuntimeClasspath
io.netty:netty-handler:4.2.17.Final=compileClasspath,productionRuntimeClasspath,runtimeClasspath,testCompileClasspath,testRuntimeClasspath
io.netty:netty-resolver-dns:4.2.17.Final=compileClasspath,productionRuntimeClasspath,runtimeClasspath,testCompileClasspath,testRuntimeClasspath
io.netty:netty-resolver:4.2.17.Final=compileClasspath,productionRuntimeClasspath,runtimeClasspath,testCompileClasspath,testRuntimeClasspath
io.netty:netty-transport-native-unix-common:4.2.17.Final=compileClasspath,productionRuntimeClasspath,runtimeClasspath,testCompileClasspath,testRuntimeClasspath
io.netty:netty-transport:4.2.17.Final=compileClasspath,productionRuntimeClasspath,runtimeClasspath,testCompileClasspath,testRuntimeClasspath
io.projectreactor:reactor-core:3.8.6=compileClasspath,productionRuntimeClasspath,runtimeClasspath,testCompileClasspath,testRuntimeClasspath
jakarta.activation:jakarta.activation-api:2.1.4=productionRuntimeClasspath,runtimeClasspath,testCompileClasspath,testRuntimeClasspath
jakarta.annotation:jakarta.annotation-api:3.0.0=compileClasspath,productionRuntimeClasspath,runtimeClasspath,testCompileClasspath,testRuntimeClasspath
jakarta.validation:jakarta.validation-api:3.1.1=compileClasspath,productionRuntimeClasspath,runtimeClasspath,testCompileClasspath,testRuntimeClasspath
jakarta.xml.bind:jakarta.xml.bind-api:4.0.5=productionRuntimeClasspath,runtimeClasspath,testCompileClasspath,testRuntimeClasspath
net.bytebuddy:byte-buddy:1.18.10=testCompileClasspath,testRuntimeClasspath
net.java.dev.jna:jna:5.18.1=testRuntimeClasspath
net.minidev:accessors-smart:2.6.0=testCompileClasspath,testRuntimeClasspath
net.minidev:json-smart:2.6.0=testCompileClasspath,testRuntimeClasspath
org.apache.commons:commons-compress:1.28.0=testRuntimeClasspath
org.apache.commons:commons-lang3:3.20.0=testRuntimeClasspath
org.apache.logging.log4j:log4j-api:2.25.5=compileClasspath,productionRuntimeClasspath,runtimeClasspath,testCompileClasspath,testRuntimeClasspath
org.apache.logging.log4j:log4j-to-slf4j:2.25.4=compileClasspath,productionRuntimeClasspath,runtimeClasspath,testCompileClasspath,testRuntimeClasspath
org.apache.tomcat.embed:tomcat-embed-core:11.0.22=compileClasspath,productionRuntimeClasspath,runtimeClasspath,testCompileClasspath,testRuntimeClasspath
org.apache.tomcat.embed:tomcat-embed-el:11.0.22=compileClasspath,productionRuntimeClasspath,runtimeClasspath,testCompileClasspath,testRuntimeClasspath
org.apache.tomcat.embed:tomcat-embed-websocket:11.0.22=compileClasspath,productionRuntimeClasspath,runtimeClasspath,testCompileClasspath,testRuntimeClasspath
org.apiguardian:apiguardian-api:1.1.2=testCompileClasspath
org.assertj:assertj-core:3.27.7=testCompileClasspath,testRuntimeClasspath
org.awaitility:awaitility:4.3.0=testCompileClasspath,testRuntimeClasspath
org.checkerframework:checker-qual:3.19.0=detekt
org.checkerframework:checker-qual:3.55.1=productionRuntimeClasspath,runtimeClasspath,testRuntimeClasspath
org.flywaydb:flyway-core:13.3.0=productionRuntimeClasspath,runtimeClasspath,testRuntimeClasspath
org.flywaydb:flyway-database-cockroachdb:13.3.0=productionRuntimeClasspath,runtimeClasspath,testRuntimeClasspath
org.flywaydb:flyway-database-postgresql:13.3.0=productionRuntimeClasspath,runtimeClasspath,testRuntimeClasspath
org.hamcrest:hamcrest:3.0=testCompileClasspath,testRuntimeClasspath
org.hibernate.validator:hibernate-validator:9.1.0.Final=compileClasspath,productionRuntimeClasspath,runtimeClasspath,testCompileClasspath,testRuntimeClasspath
org.jacoco:org.jacoco.agent:0.8.14=jacocoAgent,jacocoAnt
org.jacoco:org.jacoco.ant:0.8.14=jacocoAnt
org.jacoco:org.jacoco.core:0.8.14=jacocoAnt
org.jacoco:org.jacoco.report:0.8.14=jacocoAnt
org.jboss.logging:jboss-logging:3.6.3.Final=compileClasspath,productionRuntimeClasspath,runtimeClasspath,testCompileClasspath,testRuntimeClasspath
org.jcommander:jcommander:1.85=detekt
org.jetbrains.exposed:exposed-core:1.4.0=compileClasspath,productionRuntimeClasspath,runtimeClasspath,testCompileClasspath,testRuntimeClasspath
org.jetbrains.exposed:exposed-java-time:1.4.0=compileClasspath,productionRuntimeClasspath,runtimeClasspath,testCompileClasspath,testRuntimeClasspath
org.jetbrains.exposed:exposed-jdbc:1.4.0=compileClasspath,productionRuntimeClasspath,runtimeClasspath,testCompileClasspath,testRuntimeClasspath
org.jetbrains.intellij.deps.kotlinx:kotlinx-coroutines-bom:1.10.2-intellij-1=detekt
org.jetbrains.kotlin:kotlin-build-tools-api:2.4.0=kotlinAbiValidationCompatClasspath
org.jetbrains.kotlin:kotlin-build-tools-api:2.4.10=detekt,kotlinBuildToolsApiClasspath,kotlinCompilerClasspath,kotlinKlibCommonizerClasspath
org.jetbrains.kotlin:kotlin-build-tools-compat:2.4.10=kotlinAbiValidationCompatClasspath,kotlinBuildToolsApiClasspath,kotlinCompilerClasspath
org.jetbrains.kotlin:kotlin-build-tools-cri-impl:2.4.0=kotlinAbiValidationCompatClasspath
org.jetbrains.kotlin:kotlin-build-tools-cri-impl:2.4.10=kotlinBuildToolsApiClasspath,kotlinCompilerClasspath
org.jetbrains.kotlin:kotlin-build-tools-impl:2.4.0=kotlinAbiValidationCompatClasspath
org.jetbrains.kotlin:kotlin-build-tools-impl:2.4.10=kotlinBuildToolsApiClasspath,kotlinCompilerClasspath
org.jetbrains.kotlin:kotlin-compiler-embeddable:2.4.0=kotlinAbiValidationCompatClasspath
org.jetbrains.kotlin:kotlin-compiler-embeddable:2.4.10=kotlinBuildToolsApiClasspath,kotlinCompilerClasspath,kotlinKlibCommonizerClasspath
org.jetbrains.kotlin:kotlin-compiler-runner:2.4.0=kotlinAbiValidationCompatClasspath
org.jetbrains.kotlin:kotlin-compiler-runner:2.4.10=kotlinBuildToolsApiClasspath,kotlinCompilerClasspath
org.jetbrains.kotlin:kotlin-compiler:2.4.10=detekt
org.jetbrains.kotlin:kotlin-daemon-client:2.4.0=kotlinAbiValidationCompatClasspath
org.jetbrains.kotlin:kotlin-daemon-client:2.4.10=kotlinBuildToolsApiClasspath,kotlinCompilerClasspath
org.jetbrains.kotlin:kotlin-daemon-embeddable:2.4.0=kotlinAbiValidationCompatClasspath
org.jetbrains.kotlin:kotlin-daemon-embeddable:2.4.10=kotlinBuildToolsApiClasspath,kotlinCompilerClasspath,kotlinKlibCommonizerClasspath
org.jetbrains.kotlin:kotlin-klib-commonizer-embeddable:2.4.10=kotlinKlibCommonizerClasspath
org.jetbrains.kotlin:kotlin-reflect:1.6.10=kotlinAbiValidationCompatClasspath,kotlinBuildToolsApiClasspath,kotlinCompilerClasspath,kotlinKlibCommonizerClasspath
org.jetbrains.kotlin:kotlin-reflect:2.3.21=compileClasspath,productionRuntimeClasspath,runtimeClasspath,testCompileClasspath,testRuntimeClasspath
org.jetbrains.kotlin:kotlin-reflect:2.4.10=detekt
org.jetbrains.kotlin:kotlin-script-runtime:2.4.0=kotlinAbiValidationCompatClasspath
org.jetbrains.kotlin:kotlin-script-runtime:2.4.10=detekt,kotlinBuildToolsApiClasspath,kotlinCompilerClasspath,kotlinCompilerPluginClasspathMain,kotlinCompilerPluginClasspathTest,kotlinKlibCommonizerClasspath
org.jetbrains.kotlin:kotlin-scripting-common:2.4.10=kotlinCompilerPluginClasspathMain,kotlinCompilerPluginClasspathTest
org.jetbrains.kotlin:kotlin-scripting-compiler-embeddable:2.4.10=kotlinCompilerPluginClasspathMain,kotlinCompilerPluginClasspathTest
org.jetbrains.kotlin:kotlin-scripting-compiler-impl-embeddable:2.4.10=kotlinCompilerPluginClasspathMain,kotlinCompilerPluginClasspathTest
org.jetbrains.kotlin:kotlin-scripting-jvm:2.4.10=kotlinCompilerPluginClasspathMain,kotlinCompilerPluginClasspathTest
org.jetbrains.kotlin:kotlin-serialization-compiler-plugin-embeddable:2.4.10=kotlinCompilerPluginClasspathMain,kotlinCompilerPluginClasspathTest
org.jetbrains.kotlin:kotlin-stdlib-jdk7:2.4.10=detekt
org.jetbrains.kotlin:kotlin-stdlib-jdk8:2.4.10=detekt
org.jetbrains.kotlin:kotlin-stdlib:2.4.0=kotlinAbiValidationCompatClasspath
org.jetbrains.kotlin:kotlin-stdlib:2.4.10=compileClasspath,detekt,kotlinBuildToolsApiClasspath,kotlinCompilerClasspath,kotlinCompilerPluginClasspathMain,kotlinCompilerPluginClasspathTest,kotlinKlibCommonizerClasspath,productionRuntimeClasspath,runtimeClasspath,testCompileClasspath,testRuntimeClasspath
org.jetbrains.kotlin:kotlin-test-junit5:2.4.10=testCompileClasspath,testRuntimeClasspath
org.jetbrains.kotlin:kotlin-test:2.4.10=testCompileClasspath,testRuntimeClasspath
org.jetbrains.kotlin:kotlin-tooling-core:2.4.10=kotlinAbiValidationCompatClasspath,kotlinBuildToolsApiClasspath,kotlinCompilerClasspath
org.jetbrains.kotlinx:kotlinx-coroutines-bom:1.11.0=compileClasspath,productionRuntimeClasspath,runtimeClasspath,testCompileClasspath,testRuntimeClasspath
org.jetbrains.kotlinx:kotlinx-coroutines-bom:1.8.0=detekt
org.jetbrains.kotlinx:kotlinx-datetime-jvm:0.7.1-0.6.x-compat=compileClasspath,productionRuntimeClasspath,runtimeClasspath,testCompileClasspath,testRuntimeClasspath
org.jetbrains.kotlinx:kotlinx-html-jvm:0.12.0=compileClasspath,detekt,productionRuntimeClasspath,runtimeClasspath,testCompileClasspath,testRuntimeClasspath
org.jetbrains.kotlinx:kotlinx-serialization-bom:1.11.0=detekt,productionRuntimeClasspath,runtimeClasspath,testRuntimeClasspath
org.jetbrains.kotlinx:kotlinx-serialization-core-jvm:1.11.0=detekt,productionRuntimeClasspath,runtimeClasspath,testRuntimeClasspath
org.jetbrains.kotlinx:kotlinx-serialization-core:1.11.0=detekt,productionRuntimeClasspath,runtimeClasspath,testRuntimeClasspath
org.jetbrains.kotlinx:kotlinx-serialization-json-jvm:1.11.0=detekt,productionRuntimeClasspath,runtimeClasspath,testRuntimeClasspath
org.jetbrains.kotlinx:kotlinx-serialization-json:1.11.0=detekt,productionRuntimeClasspath,runtimeClasspath,testRuntimeClasspath
org.jetbrains:annotations:13.0=kotlinAbiValidationCompatClasspath,kotlinBuildToolsApiClasspath,kotlinCompilerClasspath,kotlinCompilerPluginClasspathMain,kotlinCompilerPluginClasspathTest,kotlinKlibCommonizerClasspath
org.jetbrains:annotations:23.0.0=compileClasspath,detekt,productionRuntimeClasspath,runtimeClasspath,testCompileClasspath,testRuntimeClasspath
org.jspecify:jspecify:1.0.0=compileClasspath,productionRuntimeClasspath,runtimeClasspath,testCompileClasspath,testRuntimeClasspath
org.junit.jupiter:junit-jupiter-api:6.0.3=testCompileClasspath,testRuntimeClasspath
org.junit.jupiter:junit-jupiter-engine:6.0.3=testRuntimeClasspath
org.junit.jupiter:junit-jupiter-params:6.0.3=testCompileClasspath,testRuntimeClasspath
org.junit.jupiter:junit-jupiter:6.0.3=testCompileClasspath,testRuntimeClasspath
org.junit.platform:junit-platform-commons:6.0.3=testCompileClasspath,testRuntimeClasspath
org.junit.platform:junit-platform-engine:6.0.3=testRuntimeClasspath
org.junit.platform:junit-platform-launcher:6.0.3=testRuntimeClasspath
org.junit:junit-bom:6.0.3=testCompileClasspath,testRuntimeClasspath
org.opentest4j:opentest4j:1.3.0=testCompileClasspath,testRuntimeClasspath
org.osgi:org.osgi.annotation.bundle:2.0.0=compileClasspath,testCompileClasspath
org.osgi:org.osgi.annotation.versioning:1.1.2=compileClasspath,testCompileClasspath
org.osgi:org.osgi.resource:1.0.0=compileClasspath,testCompileClasspath
org.osgi:org.osgi.service.serviceloader:1.0.0=compileClasspath,testCompileClasspath
org.ow2.asm:asm-commons:9.9=jacocoAnt
org.ow2.asm:asm-tree:9.9=jacocoAnt
org.ow2.asm:asm:9.7.1=testCompileClasspath,testRuntimeClasspath
org.ow2.asm:asm:9.9=jacocoAnt
org.postgresql:postgresql:42.7.13=productionRuntimeClasspath,runtimeClasspath,testRuntimeClasspath
org.reactivestreams:reactive-streams:1.0.4=compileClasspath,productionRuntimeClasspath,runtimeClasspath,testCompileClasspath,testRuntimeClasspath
org.rnorth.duct-tape:duct-tape:1.0.8=testRuntimeClasspath
org.skyscreamer:jsonassert:1.5.3=testCompileClasspath,testRuntimeClasspath
org.slf4j:jul-to-slf4j:2.0.18=compileClasspath,productionRuntimeClasspath,runtimeClasspath,testCompileClasspath,testRuntimeClasspath
org.slf4j:slf4j-api:2.0.18=compileClasspath,productionRuntimeClasspath,runtimeClasspath,testCompileClasspath,testRuntimeClasspath
org.snakeyaml:snakeyaml-engine:2.10=detekt
org.springframework.boot:spring-boot-autoconfigure:4.1.0=compileClasspath,productionRuntimeClasspath,runtimeClasspath,testCompileClasspath,testRuntimeClasspath
org.springframework.boot:spring-boot-data-commons:4.1.0=compileClasspath,productionRuntimeClasspath,runtimeClasspath,testCompileClasspath,testRuntimeClasspath
org.springframework.boot:spring-boot-data-redis:4.1.0=compileClasspath,productionRuntimeClasspath,runtimeClasspath,testCompileClasspath,testRuntimeClasspath
org.springframework.boot:spring-boot-dependencies:4.1.0=compileClasspath,productionRuntimeClasspath,runtimeClasspath,testCompileClasspath,testRuntimeClasspath
org.springframework.boot:spring-boot-flyway:4.1.0=productionRuntimeClasspath,runtimeClasspath,testRuntimeClasspath
org.springframework.boot:spring-boot-http-converter:4.1.0=compileClasspath,productionRuntimeClasspath,runtimeClasspath,testCompileClasspath,testRuntimeClasspath
org.springframework.boot:spring-boot-jackson:4.1.0=compileClasspath,productionRuntimeClasspath,runtimeClasspath,testCompileClasspath,testRuntimeClasspath
org.springframework.boot:spring-boot-jdbc:4.1.0=productionRuntimeClasspath,runtimeClasspath,testRuntimeClasspath
org.springframework.boot:spring-boot-netty:4.1.0=productionRuntimeClasspath,runtimeClasspath,testRuntimeClasspath
org.springframework.boot:spring-boot-persistence:4.1.0=compileClasspath,productionRuntimeClasspath,runtimeClasspath,testCompileClasspath,testRuntimeClasspath
org.springframework.boot:spring-boot-security-oauth2-authorization-server:4.1.0=compileClasspath,productionRuntimeClasspath,runtimeClasspath,testCompileClasspath,testRuntimeClasspath
org.springframework.boot:spring-boot-security:4.1.0=compileClasspath,productionRuntimeClasspath,runtimeClasspath,testCompileClasspath,testRuntimeClasspath
org.springframework.boot:spring-boot-servlet:4.1.0=compileClasspath,productionRuntimeClasspath,runtimeClasspath,testCompileClasspath,testRuntimeClasspath
org.springframework.boot:spring-boot-sql:4.1.0=productionRuntimeClasspath,runtimeClasspath,testRuntimeClasspath
org.springframework.boot:spring-boot-starter-data-redis:4.1.0=compileClasspath,productionRuntimeClasspath,runtimeClasspath,testCompileClasspath,testRuntimeClasspath
org.springframework.boot:spring-boot-starter-flyway:4.1.0=productionRuntimeClasspath,runtimeClasspath,testRuntimeClasspath
org.springframework.boot:spring-boot-starter-jackson:4.1.0=compileClasspath,productionRuntimeClasspath,runtimeClasspath,testCompileClasspath,testRuntimeClasspath
org.springframework.boot:spring-boot-starter-jdbc:4.1.0=productionRuntimeClasspath,runtimeClasspath,testRuntimeClasspath
org.springframework.boot:spring-boot-starter-logging:4.1.0=compileClasspath,productionRuntimeClasspath,runtimeClasspath,testCompileClasspath,testRuntimeClasspath
org.springframework.boot:spring-boot-starter-oauth2-authorization-server:4.1.0=compileClasspath,productionRuntimeClasspath,runtimeClasspath,testCompileClasspath,testRuntimeClasspath
org.springframework.boot:spring-boot-starter-security:4.1.0=compileClasspath,productionRuntimeClasspath,runtimeClasspath,testCompileClasspath,testRuntimeClasspath
org.springframework.boot:spring-boot-starter-test:4.1.0=testCompileClasspath,testRuntimeClasspath
org.springframework.boot:spring-boot-starter-tomcat-runtime:4.1.0=compileClasspath,productionRuntimeClasspath,runtimeClasspath,testCompileClasspath,testRuntimeClasspath
org.springframework.boot:spring-boot-starter-tomcat:4.1.0=compileClasspath,productionRuntimeClasspath,runtimeClasspath,testCompileClasspath,testRuntimeClasspath
org.springframework.boot:spring-boot-starter-validation:4.1.0=compileClasspath,productionRuntimeClasspath,runtimeClasspath,testCompileClasspath,testRuntimeClasspath
org.springframework.boot:spring-boot-starter-web:4.1.0=compileClasspath,productionRuntimeClasspath,runtimeClasspath,testCompileClasspath,testRuntimeClasspath
org.springframework.boot:spring-boot-starter-webmvc:4.1.0=compileClasspath,productionRuntimeClasspath,runtimeClasspath,testCompileClasspath,testRuntimeClasspath
org.springframework.boot:spring-boot-starter:4.1.0=compileClasspath,productionRuntimeClasspath,runtimeClasspath,testCompileClasspath,testRuntimeClasspath
org.springframework.boot:spring-boot-test-autoconfigure:4.1.0=testCompileClasspath,testRuntimeClasspath
org.springframework.boot:spring-boot-test:4.1.0=testCompileClasspath,testRuntimeClasspath
org.springframework.boot:spring-boot-tomcat:4.1.0=compileClasspath,productionRuntimeClasspath,runtimeClasspath,testCompileClasspath,testRuntimeClasspath
org.springframework.boot:spring-boot-transaction:4.1.0=compileClasspath,productionRuntimeClasspath,runtimeClasspath,testCompileClasspath,testRuntimeClasspath
org.springframework.boot:spring-boot-validation:4.1.0=compileClasspath,productionRuntimeClasspath,runtimeClasspath,testCompileClasspath,testRuntimeClasspath
org.springframework.boot:spring-boot-web-server:4.1.0=compileClasspath,productionRuntimeClasspath,runtimeClasspath,testCompileClasspath,testRuntimeClasspath
org.springframework.boot:spring-boot-webmvc:4.1.0=compileClasspath,productionRuntimeClasspath,runtimeClasspath,testCompileClasspath,testRuntimeClasspath
org.springframework.boot:spring-boot:4.1.0=compileClasspath,productionRuntimeClasspath,runtimeClasspath,testCompileClasspath,testRuntimeClasspath
org.springframework.data:spring-data-commons:4.1.0=compileClasspath,productionRuntimeClasspath,runtimeClasspath,testCompileClasspath,testRuntimeClasspath
org.springframework.data:spring-data-keyvalue:4.1.0=compileClasspath,productionRuntimeClasspath,runtimeClasspath,testCompileClasspath,testRuntimeClasspath
org.springframework.data:spring-data-redis:4.1.0=compileClasspath,productionRuntimeClasspath,runtimeClasspath,testCompileClasspath,testRuntimeClasspath
org.springframework.security:spring-security-config:7.1.0=compileClasspath,productionRuntimeClasspath,runtimeClasspath,testCompileClasspath,testRuntimeClasspath
org.springframework.security:spring-security-core:7.1.0=compileClasspath,productionRuntimeClasspath,runtimeClasspath,testCompileClasspath,testRuntimeClasspath
org.springframework.security:spring-security-crypto:7.1.0=compileClasspath,productionRuntimeClasspath,runtimeClasspath,testCompileClasspath,testRuntimeClasspath
org.springframework.security:spring-security-oauth2-authorization-server:7.1.0=compileClasspath,productionRuntimeClasspath,runtimeClasspath,testCompileClasspath,testRuntimeClasspath
org.springframework.security:spring-security-oauth2-core:7.1.0=compileClasspath,productionRuntimeClasspath,runtimeClasspath,testCompileClasspath,testRuntimeClasspath
org.springframework.security:spring-security-oauth2-jose:7.1.0=compileClasspath,productionRuntimeClasspath,runtimeClasspath,testCompileClasspath,testRuntimeClasspath
org.springframework.security:spring-security-oauth2-resource-server:7.1.0=compileClasspath,productionRuntimeClasspath,runtimeClasspath,testCompileClasspath,testRuntimeClasspath
org.springframework.security:spring-security-web:7.1.0=compileClasspath,productionRuntimeClasspath,runtimeClasspath,testCompileClasspath,testRuntimeClasspath
org.springframework.session:spring-session-core:4.1.0=compileClasspath,productionRuntimeClasspath,runtimeClasspath,testCompileClasspath,testRuntimeClasspath
org.springframework.session:spring-session-data-redis:4.1.0=compileClasspath,productionRuntimeClasspath,runtimeClasspath,testCompileClasspath,testRuntimeClasspath
org.springframework:spring-aop:7.0.8=compileClasspath,productionRuntimeClasspath,runtimeClasspath,testCompileClasspath,testRuntimeClasspath
org.springframework:spring-beans:7.0.8=compileClasspath,productionRuntimeClasspath,runtimeClasspath,testCompileClasspath,testRuntimeClasspath
org.springframework:spring-context-support:7.0.8=compileClasspath,productionRuntimeClasspath,runtimeClasspath,testCompileClasspath,testRuntimeClasspath
org.springframework:spring-context:7.0.8=compileClasspath,productionRuntimeClasspath,runtimeClasspath,testCompileClasspath,testRuntimeClasspath
org.springframework:spring-core:7.0.8=compileClasspath,productionRuntimeClasspath,runtimeClasspath,testCompileClasspath,testRuntimeClasspath
org.springframework:spring-expression:7.0.8=compileClasspath,productionRuntimeClasspath,runtimeClasspath,testCompileClasspath,testRuntimeClasspath
org.springframework:spring-jdbc:7.0.8=productionRuntimeClasspath,runtimeClasspath,testRuntimeClasspath
org.springframework:spring-messaging:7.0.8=compileClasspath,productionRuntimeClasspath,runtimeClasspath,testCompileClasspath,testRuntimeClasspath
org.springframework:spring-oxm:7.0.8=compileClasspath,productionRuntimeClasspath,runtimeClasspath,testCompileClasspath,testRuntimeClasspath
org.springframework:spring-test:7.0.8=testCompileClasspath,testRuntimeClasspath
org.springframework:spring-tx:7.0.8=compileClasspath,productionRuntimeClasspath,runtimeClasspath,testCompileClasspath,testRuntimeClasspath
org.springframework:spring-web:7.0.8=compileClasspath,productionRuntimeClasspath,runtimeClasspath,testCompileClasspath,testRuntimeClasspath
org.springframework:spring-webmvc:7.0.8=compileClasspath,productionRuntimeClasspath,runtimeClasspath,testCompileClasspath,testRuntimeClasspath
org.testcontainers:testcontainers-database-commons:2.0.5=testRuntimeClasspath
org.testcontainers:testcontainers-jdbc:2.0.5=testRuntimeClasspath
org.testcontainers:testcontainers-postgresql:2.0.5=testRuntimeClasspath
org.testcontainers:testcontainers:2.0.5=testRuntimeClasspath
org.webjars.npm:acorn:8.18.0=productionRuntimeClasspath,runtimeClasspath,testRuntimeClasspath
org.webjars.npm:buffer-from:1.1.2=productionRuntimeClasspath,runtimeClasspath,testRuntimeClasspath
org.webjars.npm:commander:2.20.3=productionRuntimeClasspath,runtimeClasspath,testRuntimeClasspath
org.webjars.npm:htmx.org:1.9.12=productionRuntimeClasspath,runtimeClasspath,testRuntimeClasspath
org.webjars.npm:hyperscript.org:0.9.12=productionRuntimeClasspath,runtimeClasspath,testRuntimeClasspath
org.webjars.npm:jridgewell__gen-mapping:0.3.13=productionRuntimeClasspath,runtimeClasspath,testRuntimeClasspath
org.webjars.npm:jridgewell__resolve-uri:3.1.2=productionRuntimeClasspath,runtimeClasspath,testRuntimeClasspath
org.webjars.npm:jridgewell__source-map:0.3.11=productionRuntimeClasspath,runtimeClasspath,testRuntimeClasspath
org.webjars.npm:jridgewell__sourcemap-codec:1.5.5=productionRuntimeClasspath,runtimeClasspath,testRuntimeClasspath
org.webjars.npm:jridgewell__trace-mapping:0.3.31=productionRuntimeClasspath,runtimeClasspath,testRuntimeClasspath
org.webjars.npm:markdown-it-deflist:2.1.0=productionRuntimeClasspath,runtimeClasspath,testRuntimeClasspath
org.webjars.npm:picocss__pico:2.0.6=productionRuntimeClasspath,runtimeClasspath,testRuntimeClasspath
org.webjars.npm:sortablejs:1.15.3=productionRuntimeClasspath,runtimeClasspath,testRuntimeClasspath
org.webjars.npm:source-map-support:0.5.21=productionRuntimeClasspath,runtimeClasspath,testRuntimeClasspath
org.webjars.npm:source-map:0.6.1=productionRuntimeClasspath,runtimeClasspath,testRuntimeClasspath
org.webjars.npm:terser:5.49.2=productionRuntimeClasspath,runtimeClasspath,testRuntimeClasspath
org.xmlunit:xmlunit-core:2.11.0=testCompileClasspath,testRuntimeClasspath
org.yaml:snakeyaml:2.6=compileClasspath,productionRuntimeClasspath,runtimeClasspath,testCompileClasspath,testRuntimeClasspath
redis.clients.authentication:redis-authx-core:0.1.1-beta2=compileClasspath,productionRuntimeClasspath,runtimeClasspath,testCompileClasspath,testRuntimeClasspath
tools.jackson.core:jackson-core:3.2.1=compileClasspath,productionRuntimeClasspath,runtimeClasspath,testCompileClasspath,testRuntimeClasspath
tools.jackson.core:jackson-databind:3.2.1=compileClasspath,productionRuntimeClasspath,runtimeClasspath,testCompileClasspath,testRuntimeClasspath
tools.jackson:jackson-bom:3.2.1=compileClasspath,productionRuntimeClasspath,runtimeClasspath,testCompileClasspath,testRuntimeClasspath
empty=annotationProcessor,detektPlugins,developmentOnly,implementationDependenciesMetadata,kotlinCompilerPluginClasspath,kotlinNativeCompilerPluginClasspath,kotlinScriptDefExtensions,shadow,testAndDevelopmentOnly,testAnnotationProcessor,testImplementationDependenciesMetadata,testKotlinScriptDefExtensions
